
Microsoft Visual Studio Solution File, Format Version 12.00
# Visual Studio 2012
Project("{FAE04EC0-301F-11D3-BF4B-00C04F79EFBC}") = "Woozle", "woozle\Woozle.csproj", "{6F8BE8CE-8E99-4914-9482-37369345435C}"
EndProject
Project("{FAE04EC0-301F-11D3-BF4B-00C04F79EFBC}") = "Woozle.UnitTest", "Woozle.UnitTest\Woozle.UnitTest.csproj", "{8B459B1C-693C-432E-AD6A-5A9354257E34}"
EndProject
Project("{2150E333-8FDC-42A3-9474-1A3956D46DE8}") = "01_Init", "01_Init", "{52C71382-206E-4807-929E-2E63AECDB68C}"
	ProjectSection(SolutionItems) = preProject
		..\init\01_Create_Database.sql = ..\init\01_Create_Database.sql
		..\init\02_Create_Mandator.sql = ..\init\02_Create_Mandator.sql
		..\init\03_Create_User.sql = ..\init\03_Create_User.sql
	EndProjectSection
EndProject
Project("{2150E333-8FDC-42A3-9474-1A3956D46DE8}") = "02_Source", "02_Source", "{2E9D3579-EA7F-4361-BF3B-5E9D5E2909F3}"
EndProject
Project("{FAE04EC0-301F-11D3-BF4B-00C04F79EFBC}") = "Woozle.Persistence", "Woozle.Persistence\Woozle.Persistence.csproj", "{A915CE7B-78F1-4B88-9360-FAA95D7CBF87}"
EndProject
Project("{FAE04EC0-301F-11D3-BF4B-00C04F79EFBC}") = "Woozle.Model", "Woozle.Model\Woozle.Model.csproj", "{FD53051B-7161-4AC0-9C89-51A3969324A4}"
EndProject
Project("{2150E333-8FDC-42A3-9474-1A3956D46DE8}") = ".nuget", ".nuget", "{EC005B37-69DE-4D69-A67A-03A599E00034}"
	ProjectSection(SolutionItems) = preProject
		.nuget\packages.config = .nuget\packages.config
	EndProjectSection
EndProject
Global
	GlobalSection(SolutionConfigurationPlatforms) = preSolution
		Debug|Any CPU = Debug|Any CPU
		Release|Any CPU = Release|Any CPU
	EndGlobalSection
	GlobalSection(ProjectConfigurationPlatforms) = postSolution
		{6F8BE8CE-8E99-4914-9482-37369345435C}.Debug|Any CPU.ActiveCfg = Debug|Any CPU
		{6F8BE8CE-8E99-4914-9482-37369345435C}.Debug|Any CPU.Build.0 = Debug|Any CPU
		{6F8BE8CE-8E99-4914-9482-37369345435C}.Release|Any CPU.ActiveCfg = Release|Any CPU
		{6F8BE8CE-8E99-4914-9482-37369345435C}.Release|Any CPU.Build.0 = Release|Any CPU
		{8B459B1C-693C-432E-AD6A-5A9354257E34}.Debug|Any CPU.ActiveCfg = Debug|Any CPU
		{8B459B1C-693C-432E-AD6A-5A9354257E34}.Debug|Any CPU.Build.0 = Debug|Any CPU
		{8B459B1C-693C-432E-AD6A-5A9354257E34}.Release|Any CPU.ActiveCfg = Release|Any CPU
		{8B459B1C-693C-432E-AD6A-5A9354257E34}.Release|Any CPU.Build.0 = Release|Any CPU
		{A915CE7B-78F1-4B88-9360-FAA95D7CBF87}.Debug|Any CPU.ActiveCfg = Debug|Any CPU
		{A915CE7B-78F1-4B88-9360-FAA95D7CBF87}.Debug|Any CPU.Build.0 = Debug|Any CPU
		{A915CE7B-78F1-4B88-9360-FAA95D7CBF87}.Release|Any CPU.ActiveCfg = Release|Any CPU
		{A915CE7B-78F1-4B88-9360-FAA95D7CBF87}.Release|Any CPU.Build.0 = Release|Any CPU
		{FD53051B-7161-4AC0-9C89-51A3969324A4}.Debug|Any CPU.ActiveCfg = Debug|Any CPU
		{FD53051B-7161-4AC0-9C89-51A3969324A4}.Debug|Any CPU.Build.0 = Debug|Any CPU
		{FD53051B-7161-4AC0-9C89-51A3969324A4}.Release|Any CPU.ActiveCfg = Release|Any CPU
		{FD53051B-7161-4AC0-9C89-51A3969324A4}.Release|Any CPU.Build.0 = Release|Any CPU
	EndGlobalSection
	GlobalSection(SolutionProperties) = preSolution
		HideSolutionNode = FALSE
	EndGlobalSection
	GlobalSection(NestedProjects) = preSolution
		{8B459B1C-693C-432E-AD6A-5A9354257E34} = {2E9D3579-EA7F-4361-BF3B-5E9D5E2909F3}
		{6F8BE8CE-8E99-4914-9482-37369345435C} = {2E9D3579-EA7F-4361-BF3B-5E9D5E2909F3}
		{A915CE7B-78F1-4B88-9360-FAA95D7CBF87} = {2E9D3579-EA7F-4361-BF3B-5E9D5E2909F3}
		{FD53051B-7161-4AC0-9C89-51A3969324A4} = {2E9D3579-EA7F-4361-BF3B-5E9D5E2909F3}
	EndGlobalSection
EndGlobal
