
Microsoft Visual Studio Solution File, Format Version 12.00
# Visual Studio 2012
Project("{FAE04EC0-301F-11D3-BF4B-00C04F79EFBC}") = "Woozle", "Woozle\Woozle.csproj", "{6F8BE8CE-8E99-4914-9482-37369345435C}"
EndProject
Project("{2150E333-8FDC-42A3-9474-1A3956D46DE8}") = "01_Init", "01_Init", "{52C71382-206E-4807-929E-2E63AECDB68C}"
	ProjectSection(SolutionItems) = preProject
		..\init\01_Create_Database.sql = ..\init\01_Create_Database.sql
		..\init\02_Create_Mandator.sql = ..\init\02_Create_Mandator.sql
		..\init\03_Create_User.sql = ..\init\03_Create_User.sql
	EndProjectSection
EndProject
Project("{2150E333-8FDC-42A3-9474-1A3956D46DE8}") = "02_Source", "02_Source", "{2E9D3579-EA7F-4361-BF3B-5E9D5E2909F3}"
EndProject
Project("{FAE04EC0-301F-11D3-BF4B-00C04F79EFBC}") = "Woozle.Persistence", "Woozle.Persistence\Woozle.Persistence.csproj", "{A915CE7B-78F1-4B88-9360-FAA95D7CBF87}"
EndProject
Project("{FAE04EC0-301F-11D3-BF4B-00C04F79EFBC}") = "Woozle.Model", "Woozle.Model\Woozle.Model.csproj", "{FD53051B-7161-4AC0-9C89-51A3969324A4}"
EndProject
Project("{FAE04EC0-301F-11D3-BF4B-00C04F79EFBC}") = "Woozle.Persistence.Ef", "Woozle.Persistence.Ef\Woozle.Persistence.Ef.csproj", "{47F0F1A6-0FCC-453C-BACB-DDBCA6DC605F}"
EndProject
Project("{FAE04EC0-301F-11D3-BF4B-00C04F79EFBC}") = "Woozle.Test", "Woozle.Test\Woozle.Test.csproj", "{E574246F-FAB2-4BD5-9005-B6D2D28053FC}"
EndProject
Project("{FAE04EC0-301F-11D3-BF4B-00C04F79EFBC}") = "Woozle.Persistence.Ef.Test", "Woozle.Persistence.Ef.Test\Woozle.Persistence.Ef.Test.csproj", "{20F0D12E-DE39-4FE3-9B9E-19084C4AD896}"
EndProject
Project("{2150E333-8FDC-42A3-9474-1A3956D46DE8}") = ".nuget", ".nuget", "{CB1FC2CF-1BBF-4551-A60F-EA9C82CC2151}"
	ProjectSection(SolutionItems) = preProject
		.nuget\packages.config = .nuget\packages.config
	EndProjectSection
EndProject
Project("{2150E333-8FDC-42A3-9474-1A3956D46DE8}") = "03_TestProjects", "03_TestProjects", "{ADE80369-82C2-4E2B-9C27-887A48CDB564}"
EndProject
Project("{FAE04EC0-301F-11D3-BF4B-00C04F79EFBC}") = "Woozle.Web.TestApplication", "Woozle.Web.TestApplication\Woozle.Web.TestApplication.csproj", "{57543839-AEF7-49FE-B384-36FC41AA7CF9}"
EndProject
Global
	GlobalSection(SolutionConfigurationPlatforms) = preSolution
		Debug|Any CPU = Debug|Any CPU
		Release|Any CPU = Release|Any CPU
	EndGlobalSection
	GlobalSection(ProjectConfigurationPlatforms) = postSolution
		{6F8BE8CE-8E99-4914-9482-37369345435C}.Debug|Any CPU.ActiveCfg = Debug|Any CPU
		{6F8BE8CE-8E99-4914-9482-37369345435C}.Debug|Any CPU.Build.0 = Debug|Any CPU
		{6F8BE8CE-8E99-4914-9482-37369345435C}.Release|Any CPU.ActiveCfg = Release|Any CPU
		{6F8BE8CE-8E99-4914-9482-37369345435C}.Release|Any CPU.Build.0 = Release|Any CPU
		{A915CE7B-78F1-4B88-9360-FAA95D7CBF87}.Debug|Any CPU.ActiveCfg = Debug|Any CPU
		{A915CE7B-78F1-4B88-9360-FAA95D7CBF87}.Debug|Any CPU.Build.0 = Debug|Any CPU
		{A915CE7B-78F1-4B88-9360-FAA95D7CBF87}.Release|Any CPU.ActiveCfg = Release|Any CPU
		{A915CE7B-78F1-4B88-9360-FAA95D7CBF87}.Release|Any CPU.Build.0 = Release|Any CPU
		{FD53051B-7161-4AC0-9C89-51A3969324A4}.Debug|Any CPU.ActiveCfg = Debug|Any CPU
		{FD53051B-7161-4AC0-9C89-51A3969324A4}.Debug|Any CPU.Build.0 = Debug|Any CPU
		{FD53051B-7161-4AC0-9C89-51A3969324A4}.Release|Any CPU.ActiveCfg = Release|Any CPU
		{FD53051B-7161-4AC0-9C89-51A3969324A4}.Release|Any CPU.Build.0 = Release|Any CPU
		{47F0F1A6-0FCC-453C-BACB-DDBCA6DC605F}.Debug|Any CPU.ActiveCfg = Debug|Any CPU
		{47F0F1A6-0FCC-453C-BACB-DDBCA6DC605F}.Debug|Any CPU.Build.0 = Debug|Any CPU
		{47F0F1A6-0FCC-453C-BACB-DDBCA6DC605F}.Release|Any CPU.ActiveCfg = Release|Any CPU
		{47F0F1A6-0FCC-453C-BACB-DDBCA6DC605F}.Release|Any CPU.Build.0 = Release|Any CPU
		{E574246F-FAB2-4BD5-9005-B6D2D28053FC}.Debug|Any CPU.ActiveCfg = Debug|Any CPU
		{E574246F-FAB2-4BD5-9005-B6D2D28053FC}.Debug|Any CPU.Build.0 = Debug|Any CPU
		{E574246F-FAB2-4BD5-9005-B6D2D28053FC}.Release|Any CPU.ActiveCfg = Release|Any CPU
		{E574246F-FAB2-4BD5-9005-B6D2D28053FC}.Release|Any CPU.Build.0 = Release|Any CPU
		{20F0D12E-DE39-4FE3-9B9E-19084C4AD896}.Debug|Any CPU.ActiveCfg = Debug|Any CPU
		{20F0D12E-DE39-4FE3-9B9E-19084C4AD896}.Debug|Any CPU.Build.0 = Debug|Any CPU
		{20F0D12E-DE39-4FE3-9B9E-19084C4AD896}.Release|Any CPU.ActiveCfg = Release|Any CPU
		{20F0D12E-DE39-4FE3-9B9E-19084C4AD896}.Release|Any CPU.Build.0 = Release|Any CPU
		{57543839-AEF7-49FE-B384-36FC41AA7CF9}.Debug|Any CPU.ActiveCfg = Debug|Any CPU
		{57543839-AEF7-49FE-B384-36FC41AA7CF9}.Debug|Any CPU.Build.0 = Debug|Any CPU
		{57543839-AEF7-49FE-B384-36FC41AA7CF9}.Release|Any CPU.ActiveCfg = Release|Any CPU
		{57543839-AEF7-49FE-B384-36FC41AA7CF9}.Release|Any CPU.Build.0 = Release|Any CPU
	EndGlobalSection
	GlobalSection(SolutionProperties) = preSolution
		HideSolutionNode = FALSE
	EndGlobalSection
	GlobalSection(NestedProjects) = preSolution
		{6F8BE8CE-8E99-4914-9482-37369345435C} = {2E9D3579-EA7F-4361-BF3B-5E9D5E2909F3}
		{A915CE7B-78F1-4B88-9360-FAA95D7CBF87} = {2E9D3579-EA7F-4361-BF3B-5E9D5E2909F3}
		{FD53051B-7161-4AC0-9C89-51A3969324A4} = {2E9D3579-EA7F-4361-BF3B-5E9D5E2909F3}
		{47F0F1A6-0FCC-453C-BACB-DDBCA6DC605F} = {2E9D3579-EA7F-4361-BF3B-5E9D5E2909F3}
		{E574246F-FAB2-4BD5-9005-B6D2D28053FC} = {2E9D3579-EA7F-4361-BF3B-5E9D5E2909F3}
		{20F0D12E-DE39-4FE3-9B9E-19084C4AD896} = {2E9D3579-EA7F-4361-BF3B-5E9D5E2909F3}
		{57543839-AEF7-49FE-B384-36FC41AA7CF9} = {ADE80369-82C2-4E2B-9C27-887A48CDB564}
	EndGlobalSection
EndGlobal
