
Microsoft Visual Studio Solution File, Format Version 12.00
# Visual Studio 2012
Project("{FAE04EC0-301F-11D3-BF4B-00C04F79EFBC}") = "Woozle", "woozle\Woozle.csproj", "{6F8BE8CE-8E99-4914-9482-37369345435C}"
EndProject
Project("{2150E333-8FDC-42A3-9474-1A3956D46DE8}") = "Demo", "Demo", "{0F34D68A-96EB-4C39-BD80-02D319C368C7}"
EndProject
Project("{FAE04EC0-301F-11D3-BF4B-00C04F79EFBC}") = "Woozle.UnitTest", "Woozle.UnitTest\Woozle.UnitTest.csproj", "{8B459B1C-693C-432E-AD6A-5A9354257E34}"
EndProject
Project("{FAE04EC0-301F-11D3-BF4B-00C04F79EFBC}") = "Woozle.Demo.Client", "Woozle.Demo.Client\Woozle.Demo.Client.csproj", "{A77A1213-EEEA-46DD-BBD1-83E1E717485B}"
EndProject
Project("{FAE04EC0-301F-11D3-BF4B-00C04F79EFBC}") = "Woozle.Demo.Server", "Woozle.Demo.Server\Woozle.Demo.Server.csproj", "{F4064490-D3B3-41AC-BF7B-332058A3B4D2}"
EndProject
Global
	GlobalSection(SolutionConfigurationPlatforms) = preSolution
		Debug|Any CPU = Debug|Any CPU
		Release|Any CPU = Release|Any CPU
	EndGlobalSection
	GlobalSection(ProjectConfigurationPlatforms) = postSolution
		{6F8BE8CE-8E99-4914-9482-37369345435C}.Debug|Any CPU.ActiveCfg = Debug|Any CPU
		{6F8BE8CE-8E99-4914-9482-37369345435C}.Debug|Any CPU.Build.0 = Debug|Any CPU
		{6F8BE8CE-8E99-4914-9482-37369345435C}.Release|Any CPU.ActiveCfg = Release|Any CPU
		{6F8BE8CE-8E99-4914-9482-37369345435C}.Release|Any CPU.Build.0 = Release|Any CPU
		{8B459B1C-693C-432E-AD6A-5A9354257E34}.Debug|Any CPU.ActiveCfg = Debug|Any CPU
		{8B459B1C-693C-432E-AD6A-5A9354257E34}.Debug|Any CPU.Build.0 = Debug|Any CPU
		{8B459B1C-693C-432E-AD6A-5A9354257E34}.Release|Any CPU.ActiveCfg = Release|Any CPU
		{8B459B1C-693C-432E-AD6A-5A9354257E34}.Release|Any CPU.Build.0 = Release|Any CPU
		{A77A1213-EEEA-46DD-BBD1-83E1E717485B}.Debug|Any CPU.ActiveCfg = Debug|Any CPU
		{A77A1213-EEEA-46DD-BBD1-83E1E717485B}.Debug|Any CPU.Build.0 = Debug|Any CPU
		{A77A1213-EEEA-46DD-BBD1-83E1E717485B}.Release|Any CPU.ActiveCfg = Release|Any CPU
		{A77A1213-EEEA-46DD-BBD1-83E1E717485B}.Release|Any CPU.Build.0 = Release|Any CPU
		{F4064490-D3B3-41AC-BF7B-332058A3B4D2}.Debug|Any CPU.ActiveCfg = Debug|Any CPU
		{F4064490-D3B3-41AC-BF7B-332058A3B4D2}.Debug|Any CPU.Build.0 = Debug|Any CPU
		{F4064490-D3B3-41AC-BF7B-332058A3B4D2}.Release|Any CPU.ActiveCfg = Release|Any CPU
		{F4064490-D3B3-41AC-BF7B-332058A3B4D2}.Release|Any CPU.Build.0 = Release|Any CPU
	EndGlobalSection
	GlobalSection(SolutionProperties) = preSolution
		HideSolutionNode = FALSE
	EndGlobalSection
	GlobalSection(NestedProjects) = preSolution
		{A77A1213-EEEA-46DD-BBD1-83E1E717485B} = {0F34D68A-96EB-4C39-BD80-02D319C368C7}
		{F4064490-D3B3-41AC-BF7B-332058A3B4D2} = {0F34D68A-96EB-4C39-BD80-02D319C368C7}
	EndGlobalSection
EndGlobal
